# This file is automatically @generated by Cargo.
# It is not intended for manual editing.
version = 4

[[package]]
name = "mmorpg-client-model"
version = "0.1.0"
dependencies = [
 "mmorpg-content",
 "mmorpg-core",
]

[[package]]
name = "mmorpg-client-session"
version = "0.1.0"
dependencies = [
 "mmorpg-wire",
]

[[package]]
name = "mmorpg-content"
version = "0.1.0"

[[package]]
name = "mmorpg-core"
version = "0.1.0"
dependencies = [
 "mmorpg-content",
]

[[package]]
name = "mmorpg-server"
version = "0.1.0"
dependencies = [
 "mmorpg-content",
 "mmorpg-core",
 "mmorpg-wire",
]

[[package]]
name = "mmorpg-ui-contract"
version = "0.1.0"

[[package]]
name = "mmorpg-wire"
version = "0.1.0"
