# This file is automatically @generated by Cargo.
# It is not intended for manual editing.
version = 4

[[package]]
name = "mmorpg-client-protocol"
version = "0.1.0"
dependencies = [
 "mmorpg-core",
]

[[package]]
name = "mmorpg-client-transport"
version = "0.1.0"
dependencies = [
 "mmorpg-client-protocol",
 "mmorpg-wire",
]

[[package]]
name = "mmorpg-content"
version = "0.1.0"

[[package]]
name = "mmorpg-core"
version = "0.1.0"
dependencies = [
 "mmorpg-content",
]

[[package]]
name = "mmorpg-wire"
version = "0.1.0"

[[package]]
name = "wire-gameplay-smoke"
version = "0.1.0"
dependencies = [
 "mmorpg-client-transport",
 "mmorpg-wire",
]
